
Microsoft Visual Studio Solution File, Format Version 12.00
# Visual Studio Version 17
VisualStudioVersion = 17.5.33530.505
MinimumVisualStudioVersion = 10.0.40219.1
Project("{FAE04EC0-301F-11D3-BF4B-00C04F79EFBC}") = "47FindAllMissingAndDuplicateValuesPresentIn1tonNumbersRange", "47FindAllMissingAndDuplicateValuesPresentIn1tonNumbersRange.csproj", "{53703483-6D44-443C-ADB3-8662DD9EDB3E}"
EndProject
Global
	GlobalSection(SolutionConfigurationPlatforms) = preSolution
		Debug|Any CPU = Debug|Any CPU
		Release|Any CPU = Release|Any CPU
	EndGlobalSection
	GlobalSection(ProjectConfigurationPlatforms) = postSolution
		{53703483-6D44-443C-ADB3-8662DD9EDB3E}.Debug|Any CPU.ActiveCfg = Debug|Any CPU
		{53703483-6D44-443C-ADB3-8662DD9EDB3E}.Debug|Any CPU.Build.0 = Debug|Any CPU
		{53703483-6D44-443C-ADB3-8662DD9EDB3E}.Release|Any CPU.ActiveCfg = Release|Any CPU
		{53703483-6D44-443C-ADB3-8662DD9EDB3E}.Release|Any CPU.Build.0 = Release|Any CPU
	EndGlobalSection
	GlobalSection(SolutionProperties) = preSolution
		HideSolutionNode = FALSE
	EndGlobalSection
	GlobalSection(ExtensibilityGlobals) = postSolution
		SolutionGuid = {DE54EF59-E9F3-419B-AB65-4BA6BB6F0ACA}
	EndGlobalSection
EndGlobal
