
Microsoft Visual Studio Solution File, Format Version 12.00
# Visual Studio Version 17
VisualStudioVersion = 17.5.33530.505
MinimumVisualStudioVersion = 10.0.40219.1
Project("{FAE04EC0-301F-11D3-BF4B-00C04F79EFBC}") = "37FindAllQuadrupleforGivenSum", "37FindAllQuadrupleforGivenSum.csproj", "{A134B613-BDF9-4C1B-B130-85F7222B7222}"
EndProject
Global
	GlobalSection(SolutionConfigurationPlatforms) = preSolution
		Debug|Any CPU = Debug|Any CPU
		Release|Any CPU = Release|Any CPU
	EndGlobalSection
	GlobalSection(ProjectConfigurationPlatforms) = postSolution
		{A134B613-BDF9-4C1B-B130-85F7222B7222}.Debug|Any CPU.ActiveCfg = Debug|Any CPU
		{A134B613-BDF9-4C1B-B130-85F7222B7222}.Debug|Any CPU.Build.0 = Debug|Any CPU
		{A134B613-BDF9-4C1B-B130-85F7222B7222}.Release|Any CPU.ActiveCfg = Release|Any CPU
		{A134B613-BDF9-4C1B-B130-85F7222B7222}.Release|Any CPU.Build.0 = Release|Any CPU
	EndGlobalSection
	GlobalSection(SolutionProperties) = preSolution
		HideSolutionNode = FALSE
	EndGlobalSection
	GlobalSection(ExtensibilityGlobals) = postSolution
		SolutionGuid = {3D42FDAA-7785-408E-B7E0-0C70656ED0DA}
	EndGlobalSection
EndGlobal
