
Microsoft Visual Studio Solution File, Format Version 12.00
# Visual Studio Version 17
VisualStudioVersion = 17.5.33530.505
MinimumVisualStudioVersion = 10.0.40219.1
Project("{FAE04EC0-301F-11D3-BF4B-00C04F79EFBC}") = "FirstRepeatingValueinArray", "FirstRepeatingValueinArray.csproj", "{6680FCE8-BBFC-4982-AC31-119676AADFEE}"
EndProject
Global
	GlobalSection(SolutionConfigurationPlatforms) = preSolution
		Debug|Any CPU = Debug|Any CPU
		Release|Any CPU = Release|Any CPU
	EndGlobalSection
	GlobalSection(ProjectConfigurationPlatforms) = postSolution
		{6680FCE8-BBFC-4982-AC31-119676AADFEE}.Debug|Any CPU.ActiveCfg = Debug|Any CPU
		{6680FCE8-BBFC-4982-AC31-119676AADFEE}.Debug|Any CPU.Build.0 = Debug|Any CPU
		{6680FCE8-BBFC-4982-AC31-119676AADFEE}.Release|Any CPU.ActiveCfg = Release|Any CPU
		{6680FCE8-BBFC-4982-AC31-119676AADFEE}.Release|Any CPU.Build.0 = Release|Any CPU
	EndGlobalSection
	GlobalSection(SolutionProperties) = preSolution
		HideSolutionNode = FALSE
	EndGlobalSection
	GlobalSection(ExtensibilityGlobals) = postSolution
		SolutionGuid = {452F67CD-F3D2-4F1A-AE94-86B842F7907E}
	EndGlobalSection
EndGlobal
