
Microsoft Visual Studio Solution File, Format Version 12.00
# Visual Studio Version 17
VisualStudioVersion = 17.5.33530.505
MinimumVisualStudioVersion = 10.0.40219.1
Project("{FAE04EC0-301F-11D3-BF4B-00C04F79EFBC}") = "FindMaxMultiplicationOfAny2NuminArray", "FindMaxMultiplicationOfAny2NuminArray.csproj", "{CE35FF37-8FEC-4EF2-A51E-D1CFD7E7352B}"
EndProject
Global
	GlobalSection(SolutionConfigurationPlatforms) = preSolution
		Debug|Any CPU = Debug|Any CPU
		Release|Any CPU = Release|Any CPU
	EndGlobalSection
	GlobalSection(ProjectConfigurationPlatforms) = postSolution
		{CE35FF37-8FEC-4EF2-A51E-D1CFD7E7352B}.Debug|Any CPU.ActiveCfg = Debug|Any CPU
		{CE35FF37-8FEC-4EF2-A51E-D1CFD7E7352B}.Debug|Any CPU.Build.0 = Debug|Any CPU
		{CE35FF37-8FEC-4EF2-A51E-D1CFD7E7352B}.Release|Any CPU.ActiveCfg = Release|Any CPU
		{CE35FF37-8FEC-4EF2-A51E-D1CFD7E7352B}.Release|Any CPU.Build.0 = Release|Any CPU
	EndGlobalSection
	GlobalSection(SolutionProperties) = preSolution
		HideSolutionNode = FALSE
	EndGlobalSection
	GlobalSection(ExtensibilityGlobals) = postSolution
		SolutionGuid = {04C3145F-B9B7-4E0F-B0CA-974EA2B8BE86}
	EndGlobalSection
EndGlobal
