
Microsoft Visual Studio Solution File, Format Version 12.00
# Visual Studio Version 17
VisualStudioVersion = 17.5.33530.505
MinimumVisualStudioVersion = 10.0.40219.1
Project("{FAE04EC0-301F-11D3-BF4B-00C04F79EFBC}") = "LargestContiguousSumSubarray", "LargestContiguousSumSubarray.csproj", "{F6EB163E-B9C7-429F-B131-8ABECCF78414}"
EndProject
Global
	GlobalSection(SolutionConfigurationPlatforms) = preSolution
		Debug|Any CPU = Debug|Any CPU
		Release|Any CPU = Release|Any CPU
	EndGlobalSection
	GlobalSection(ProjectConfigurationPlatforms) = postSolution
		{F6EB163E-B9C7-429F-B131-8ABECCF78414}.Debug|Any CPU.ActiveCfg = Debug|Any CPU
		{F6EB163E-B9C7-429F-B131-8ABECCF78414}.Debug|Any CPU.Build.0 = Debug|Any CPU
		{F6EB163E-B9C7-429F-B131-8ABECCF78414}.Release|Any CPU.ActiveCfg = Release|Any CPU
		{F6EB163E-B9C7-429F-B131-8ABECCF78414}.Release|Any CPU.Build.0 = Release|Any CPU
	EndGlobalSection
	GlobalSection(SolutionProperties) = preSolution
		HideSolutionNode = FALSE
	EndGlobalSection
	GlobalSection(ExtensibilityGlobals) = postSolution
		SolutionGuid = {CACCC0D4-3D5A-45C1-B0FF-46C17C4DB291}
	EndGlobalSection
EndGlobal
