
Microsoft Visual Studio Solution File, Format Version 12.00
# Visual Studio Version 17
VisualStudioVersion = 17.5.33530.505
MinimumVisualStudioVersion = 10.0.40219.1
Project("{FAE04EC0-301F-11D3-BF4B-00C04F79EFBC}") = "33SortArrayIfFrequencyIsSamethenSortBasedOnOccurrence", "33SortArrayIfFrequencyIsSamethenSortBasedOnOccurrence.csproj", "{DD3F0967-84FE-4E85-B0BF-9A471E64CB89}"
EndProject
Global
	GlobalSection(SolutionConfigurationPlatforms) = preSolution
		Debug|Any CPU = Debug|Any CPU
		Release|Any CPU = Release|Any CPU
	EndGlobalSection
	GlobalSection(ProjectConfigurationPlatforms) = postSolution
		{DD3F0967-84FE-4E85-B0BF-9A471E64CB89}.Debug|Any CPU.ActiveCfg = Debug|Any CPU
		{DD3F0967-84FE-4E85-B0BF-9A471E64CB89}.Debug|Any CPU.Build.0 = Debug|Any CPU
		{DD3F0967-84FE-4E85-B0BF-9A471E64CB89}.Release|Any CPU.ActiveCfg = Release|Any CPU
		{DD3F0967-84FE-4E85-B0BF-9A471E64CB89}.Release|Any CPU.Build.0 = Release|Any CPU
	EndGlobalSection
	GlobalSection(SolutionProperties) = preSolution
		HideSolutionNode = FALSE
	EndGlobalSection
	GlobalSection(ExtensibilityGlobals) = postSolution
		SolutionGuid = {EBCEAA17-D838-401B-851F-0FF4EF0367DA}
	EndGlobalSection
EndGlobal
