
Microsoft Visual Studio Solution File, Format Version 12.00
# Visual Studio Version 17
VisualStudioVersion = 17.5.33530.505
MinimumVisualStudioVersion = 10.0.40219.1
Project("{FAE04EC0-301F-11D3-BF4B-00C04F79EFBC}") = "SearchEleinSortedandNotSortedArray", "SearchEleinSortedandNotSortedArray.csproj", "{FB9E6766-D1C8-4FB5-A1C2-2CC95ADFA565}"
EndProject
Global
	GlobalSection(SolutionConfigurationPlatforms) = preSolution
		Debug|Any CPU = Debug|Any CPU
		Release|Any CPU = Release|Any CPU
	EndGlobalSection
	GlobalSection(ProjectConfigurationPlatforms) = postSolution
		{FB9E6766-D1C8-4FB5-A1C2-2CC95ADFA565}.Debug|Any CPU.ActiveCfg = Debug|Any CPU
		{FB9E6766-D1C8-4FB5-A1C2-2CC95ADFA565}.Debug|Any CPU.Build.0 = Debug|Any CPU
		{FB9E6766-D1C8-4FB5-A1C2-2CC95ADFA565}.Release|Any CPU.ActiveCfg = Release|Any CPU
		{FB9E6766-D1C8-4FB5-A1C2-2CC95ADFA565}.Release|Any CPU.Build.0 = Release|Any CPU
	EndGlobalSection
	GlobalSection(SolutionProperties) = preSolution
		HideSolutionNode = FALSE
	EndGlobalSection
	GlobalSection(ExtensibilityGlobals) = postSolution
		SolutionGuid = {F526E894-5CCE-4372-B5A5-82440080611D}
	EndGlobalSection
EndGlobal
